{
  "name": "example",
  "version": "0.1.0",
  "lockfileVersion": 1,
  "requires": true,
  "dependencies": {
    "@monitor/buried-point": {
      "version": "1.0.4",
      "resolved": "http://60.205.181.203:4873/@monitor%2fburied-point/-/buried-point-1.0.4.tgz",
      "integrity": "sha512-DYzD1hDDibQqfz/YXplWQqQK9smL+VC6qAOJEIqXDw4uwRMtXg5CKWtUQQaTOxHVZXgUuKytBxqor5xW5fFiiQ==",
      "requires": {
        "@types/jest": "^23.3.1",
        "@types/node": "^10.5.7",
        "axios": "^0.18.0",
        "moment": "^2.29.1",
        "tslib": "^2.3.1",
        "tslint-config-standard": "^7.1.0",
        "vue": "^2.6.14"
      }
    },
    "@types/jest": {
      "version": "23.3.14",
      "resolved": "http://60.205.181.203:4873/@types%2fjest/-/jest-23.3.14.tgz",
      "integrity": "sha512-Q5hTcfdudEL2yOmluA1zaSyPbzWPmJ3XfSWeP3RyoYvS9hnje1ZyagrZOuQ6+1nQC1Gw+7gap3pLNL3xL6UBug=="
    },
    "@types/node": {
      "version": "10.17.60",
      "resolved": "http://60.205.181.203:4873/@types%2fnode/-/node-10.17.60.tgz",
      "integrity": "sha512-F0KIgDJfy2nA3zMLmWGKxcH2ZVEtCZXHHdOQs2gSaQ27+lNeEfGxzkIw90aXswATX7AZ33tahPbzy6KAfUreVw=="
    },
    "axios": {
      "version": "0.18.1",
      "resolved": "http://60.205.181.203:4873/axios/-/axios-0.18.1.tgz",
      "integrity": "sha512-0BfJq4NSfQXd+SkFdrvFbG7addhYSBA2mQwISr46pD6E5iqkWg02RAs8vyTT/j0RTnoYmeXauBuSv1qKwR179g==",
      "requires": {
        "follow-redirects": "1.5.10",
        "is-buffer": "^2.0.2"
      }
    },
    "debug": {
      "version": "3.1.0",
      "resolved": "http://60.205.181.203:4873/debug/-/debug-3.1.0.tgz",
      "integrity": "sha512-OX8XqP7/1a9cqkxYw2yXss15f26NKWBpDXQd0/uK/KPqdQhxbPa994hnzjcE2VqQpDslf55723cKPUOGSmMY3g==",
      "requires": {
        "ms": "2.0.0"
      }
    },
    "doctrine": {
      "version": "0.7.2",
      "resolved": "http://60.205.181.203:4873/doctrine/-/doctrine-0.7.2.tgz",
      "integrity": "sha1-fLhgNZujvpDgQLJrcpzkv6ZUxSM=",
      "requires": {
        "esutils": "^1.1.6",
        "isarray": "0.0.1"
      }
    },
    "esutils": {
      "version": "1.1.6",
      "resolved": "http://60.205.181.203:4873/esutils/-/esutils-1.1.6.tgz",
      "integrity": "sha1-wBzKqa5LiXxtDD4hCuUvPHqEQ3U="
    },
    "follow-redirects": {
      "version": "1.5.10",
      "resolved": "http://60.205.181.203:4873/follow-redirects/-/follow-redirects-1.5.10.tgz",
      "integrity": "sha512-0V5l4Cizzvqt5D44aTXbFZz+FtyXV1vrDN6qrelxtfYQKW0KO0W2T/hkE8xvGa/540LkZlkaUjO4ailYTFtHVQ==",
      "requires": {
        "debug": "=3.1.0"
      }
    },
    "is-buffer": {
      "version": "2.0.5",
      "resolved": "http://60.205.181.203:4873/is-buffer/-/is-buffer-2.0.5.tgz",
      "integrity": "sha512-i2R6zNFDwgEHJyQUtJEk0XFi1i0dPFn/oqjK3/vPCcDeJvW5NQ83V8QbicfF1SupOaB0h8ntgBC2YiE7dfyctQ=="
    },
    "isarray": {
      "version": "0.0.1",
      "resolved": "http://60.205.181.203:4873/isarray/-/isarray-0.0.1.tgz",
      "integrity": "sha1-ihis/Kmo9Bd+Cav8YDiTmwXR7t8="
    },
    "moment": {
      "version": "2.29.1",
      "resolved": "http://60.205.181.203:4873/moment/-/moment-2.29.1.tgz",
      "integrity": "sha512-kHmoybcPV8Sqy59DwNDY3Jefr64lK/by/da0ViFcuA4DH0vQg5Q6Ze5VimxkfQNSC+Mls/Kx53s7TjP1RhFEDQ=="
    },
    "ms": {
      "version": "2.0.0",
      "resolved": "http://60.205.181.203:4873/ms/-/ms-2.0.0.tgz",
      "integrity": "sha1-VgiurfwAvmwpAd9fmGF4jeDVl8g="
    },
    "tslib": {
      "version": "2.3.1",
      "resolved": "http://60.205.181.203:4873/tslib/-/tslib-2.3.1.tgz",
      "integrity": "sha512-77EbyPPpMz+FRFRuAFlWMtmgUWGe9UOG2Z25NqCwiIjRhOf5iKGuzSe5P2w1laq+FkRy4p+PCuVkJSGkzTEKVw=="
    },
    "tslint-config-standard": {
      "version": "7.1.0",
      "resolved": "http://60.205.181.203:4873/tslint-config-standard/-/tslint-config-standard-7.1.0.tgz",
      "integrity": "sha512-cETzxZcEQ1RKjwtEScGryAtqwiRFc55xBxhZP6bePyOfXmo6i1/QKQrTgFKBiM4FjCvcqTjJq20/KGrh+TzTfQ==",
      "requires": {
        "tslint-eslint-rules": "^5.3.1"
      }
    },
    "tslint-eslint-rules": {
      "version": "5.4.0",
      "resolved": "http://60.205.181.203:4873/tslint-eslint-rules/-/tslint-eslint-rules-5.4.0.tgz",
      "integrity": "sha512-WlSXE+J2vY/VPgIcqQuijMQiel+UtmXS+4nvK4ZzlDiqBfXse8FAvkNnTcYhnQyOTW5KFM+uRRGXxYhFpuBc6w==",
      "requires": {
        "doctrine": "0.7.2",
        "tslib": "1.9.0",
        "tsutils": "^3.0.0"
      },
      "dependencies": {
        "tslib": {
          "version": "1.9.0",
          "resolved": "http://60.205.181.203:4873/tslib/-/tslib-1.9.0.tgz",
          "integrity": "sha512-f/qGG2tUkrISBlQZEjEqoZ3B2+npJjIf04H1wuAv9iA8i04Icp+61KRXxFdha22670NJopsZCIjhC3SnjPRKrQ=="
        }
      }
    },
    "tsutils": {
      "version": "3.21.0",
      "resolved": "http://60.205.181.203:4873/tsutils/-/tsutils-3.21.0.tgz",
      "integrity": "sha512-mHKK3iUXL+3UF6xL5k0PEhKRUBKPBCv/+RkEOpjRWxxx27KKRBmmA60A9pgOUvMi8GKhRMPEmjBRPzs2W7O1OA==",
      "requires": {
        "tslib": "^1.8.1"
      },
      "dependencies": {
        "tslib": {
          "version": "1.14.1",
          "resolved": "http://60.205.181.203:4873/tslib/-/tslib-1.14.1.tgz",
          "integrity": "sha512-Xni35NKzjgMrwevysHTCArtLDpPvye8zV/0E4EyYn43P7/7qvQwPh9BGkHewbMulVntbigmcT7rdX3BNo9wRJg=="
        }
      }
    },
    "vue": {
      "version": "2.6.14",
      "resolved": "http://60.205.181.203:4873/vue/-/vue-2.6.14.tgz",
      "integrity": "sha512-x2284lgYvjOMj3Za7kqzRcUSxBboHqtgRE2zlos1qWaOye5yUmHn42LB1250NJBLRwEcdrB0JRwyPTEPhfQjiQ=="
    }
  }
}
